{
  "lockfileVersion": 1,
  "dependencies": {
    "sweetalert2": {
      "version": "6.6.10",
      "resolved": "https://registry.npmjs.org/sweetalert2/-/sweetalert2-6.6.10.tgz",
      "integrity": "sha512-TMpR1TCt0VVQJF6qSudCbVoRrcGscF7f4CiNnCEe1gMfwjknsgpS8LJnIPIGbOs/y1ekIyb2WgMi3qS3+N2byg=="
    }
  }
}
